
Microsoft Visual Studio Solution File, Format Version 12.00
Project("{FAE04EC0-301F-11D3-BF4B-00C04F79EFBC}") = "BenBristow.EntityFrameworkCore.Pagination", "BenBristow.EntityFrameworkCore.Pagination\BenBristow.EntityFrameworkCore.Pagination.csproj", "{7DCD4C31-747C-4D07-A96A-C302DC91C95D}"
EndProject
Project("{FAE04EC0-301F-11D3-BF4B-00C04F79EFBC}") = "BenBristow.EntityFrameworkCore.Pagination.Tests", "BenBristow.EntityFrameworkCore.Pagination.Tests\BenBristow.EntityFrameworkCore.Pagination.Tests.csproj", "{856A6810-79D9-4243-BE0A-28DF9C621A91}"
EndProject
Global
	GlobalSection(SolutionConfigurationPlatforms) = preSolution
		Debug|Any CPU = Debug|Any CPU
		Release|Any CPU = Release|Any CPU
	EndGlobalSection
	GlobalSection(ProjectConfigurationPlatforms) = postSolution
		{7DCD4C31-747C-4D07-A96A-C302DC91C95D}.Debug|Any CPU.ActiveCfg = Debug|Any CPU
		{7DCD4C31-747C-4D07-A96A-C302DC91C95D}.Debug|Any CPU.Build.0 = Debug|Any CPU
		{7DCD4C31-747C-4D07-A96A-C302DC91C95D}.Release|Any CPU.ActiveCfg = Release|Any CPU
		{7DCD4C31-747C-4D07-A96A-C302DC91C95D}.Release|Any CPU.Build.0 = Release|Any CPU
		{856A6810-79D9-4243-BE0A-28DF9C621A91}.Debug|Any CPU.ActiveCfg = Debug|Any CPU
		{856A6810-79D9-4243-BE0A-28DF9C621A91}.Debug|Any CPU.Build.0 = Debug|Any CPU
		{856A6810-79D9-4243-BE0A-28DF9C621A91}.Release|Any CPU.ActiveCfg = Release|Any CPU
		{856A6810-79D9-4243-BE0A-28DF9C621A91}.Release|Any CPU.Build.0 = Release|Any CPU
	EndGlobalSection
EndGlobal
